<?xml version="1.0" encoding="utf-8"?>
<Project ToolsVersion="4.0" xmlns="http://schemas.microsoft.com/developer/msbuild/2003">
  <ItemGroup>
    <Filter Include="class">
      <UniqueIdentifier>{93995380-89BD-4b04-88EB-625FBE52EBFB}</UniqueIdentifier>
      <Extensions>h;hh;hpp;hxx;hm;inl;inc;xsd</Extensions>
    </Filter>
    <Filter Include="main">
      <UniqueIdentifier>{4FC737F1-C7A5-4376-A066-2A32D752A2FF}</UniqueIdentifier>
      <Extensions>cpp;c;cc;cxx;def;odl;idl;hpj;bat;asm;asmx</Extensions>
    </Filter>
    <Filter Include="obsolete">
      <UniqueIdentifier>{842c9440-6b3a-46da-9b69-2d3729d68139}</UniqueIdentifier>
    </Filter>
    <Filter Include="class\detail">
      <UniqueIdentifier>{9e91ef2f-007b-4c8b-901d-4c6b46b474f7}</UniqueIdentifier>
    </Filter>
    <Filter Include="class\integral">
      <UniqueIdentifier>{a0df3bbb-c5e3-428b-995a-844d03ee519e}</UniqueIdentifier>
    </Filter>
  </ItemGroup>
  <ItemGroup>
    <ClInclude Include="targetver.h">
      <Filter>class</Filter>
    </ClInclude>
    <ClInclude Include="reference.h">
      <Filter>class</Filter>
    </ClInclude>
    <ClInclude Include="introspection.h">
      <Filter>class</Filter>
    </ClInclude>
    <ClInclude Include="stdafx.h">
      <Filter>main</Filter>
    </ClInclude>
    <ClInclude Include="observer_test.h">
      <Filter>main</Filter>
    </ClInclude>
    <ClInclude Include="class_test.h">
      <Filter>main</Filter>
    </ClInclude>
    <ClInclude Include="signal_test.h">
      <Filter>main</Filter>
    </ClInclude>
    <ClInclude Include="events_test.h">
      <Filter>main</Filter>
    </ClInclude>
    <ClInclude Include="observable.h">
      <Filter>obsolete</Filter>
    </ClInclude>
    <ClInclude Include="observing.h">
      <Filter>obsolete</Filter>
    </ClInclude>
    <ClInclude Include="casting.h">
      <Filter>class\detail</Filter>
    </ClInclude>
    <ClInclude Include="sequence.h">
      <Filter>class\detail</Filter>
    </ClInclude>
    <ClInclude Include="signal.h">
      <Filter>class\detail</Filter>
    </ClInclude>
    <ClInclude Include="refcounted.h">
      <Filter>class\detail</Filter>
    </ClInclude>
    <ClInclude Include="events.h">
      <Filter>class\detail</Filter>
    </ClInclude>
    <ClInclude Include="namespace.h">
      <Filter>class</Filter>
    </ClInclude>
    <ClInclude Include="static_type.h">
      <Filter>class</Filter>
    </ClInclude>
    <ClInclude Include="meta_type.h">
      <Filter>class</Filter>
    </ClInclude>
    <ClInclude Include="lazy_ref_storage.h">
      <Filter>class\detail</Filter>
    </ClInclude>
    <ClInclude Include="integral_integer.h">
      <Filter>class\integral</Filter>
    </ClInclude>
    <ClInclude Include="integral_real.h">
      <Filter>class\integral</Filter>
    </ClInclude>
    <ClInclude Include="integral_enum.h">
      <Filter>class\integral</Filter>
    </ClInclude>
    <ClInclude Include="integral_bool.h">
      <Filter>class\integral</Filter>
    </ClInclude>
    <ClInclude Include="integral_array.h">
      <Filter>class\integral</Filter>
    </ClInclude>
    <ClInclude Include="integral_array_adapters.h">
      <Filter>class\integral</Filter>
    </ClInclude>
    <ClInclude Include="integral_bool_adapters.h">
      <Filter>class\integral</Filter>
    </ClInclude>
    <ClInclude Include="integral_enum_adapters.h">
      <Filter>class\integral</Filter>
    </ClInclude>
    <ClInclude Include="integral_integer_adapters.h">
      <Filter>class\integral</Filter>
    </ClInclude>
    <ClInclude Include="integral_real_adapters.h">
      <Filter>class\integral</Filter>
    </ClInclude>
    <ClInclude Include="adapters.h">
      <Filter>class\detail</Filter>
    </ClInclude>
    <ClInclude Include="integral.h">
      <Filter>class\integral</Filter>
    </ClInclude>
    <ClInclude Include="meta.h">
      <Filter>class\detail</Filter>
    </ClInclude>
    <ClInclude Include="integral_group.h">
      <Filter>class\integral</Filter>
    </ClInclude>
    <ClInclude Include="integral_group_adapters.h">
      <Filter>class\integral</Filter>
    </ClInclude>
    <ClInclude Include="any_iterator.hpp">
      <Filter>class\detail</Filter>
    </ClInclude>
    <ClInclude Include="member_container.h">
      <Filter>class\detail</Filter>
    </ClInclude>
  </ItemGroup>
  <ItemGroup>
    <ClCompile Include="stdafx.cpp">
      <Filter>main</Filter>
    </ClCompile>
    <ClCompile Include="main.cpp">
      <Filter>main</Filter>
    </ClCompile>
    <ClCompile Include="introspection.cpp">
      <Filter>class</Filter>
    </ClCompile>
    <ClCompile Include="class_test.cpp">
      <Filter>main</Filter>
    </ClCompile>
    <ClCompile Include="observer_test.cpp">
      <Filter>main</Filter>
    </ClCompile>
    <ClCompile Include="signal_test.cpp">
      <Filter>main</Filter>
    </ClCompile>
    <ClCompile Include="events_test.cpp">
      <Filter>main</Filter>
    </ClCompile>
    <ClCompile Include="observable.cpp">
      <Filter>obsolete</Filter>
    </ClCompile>
    <ClCompile Include="observing.cpp">
      <Filter>obsolete</Filter>
    </ClCompile>
    <ClCompile Include="casting.cpp">
      <Filter>class\detail</Filter>
    </ClCompile>
    <ClCompile Include="signal.cpp">
      <Filter>class\detail</Filter>
    </ClCompile>
    <ClCompile Include="refcounted.cpp">
      <Filter>class\detail</Filter>
    </ClCompile>
    <ClCompile Include="events.cpp">
      <Filter>class\detail</Filter>
    </ClCompile>
    <ClCompile Include="meta_type.cpp">
      <Filter>class</Filter>
    </ClCompile>
    <ClCompile Include="lazy_ref_storage.cpp">
      <Filter>class\detail</Filter>
    </ClCompile>
    <ClCompile Include="reference.cpp">
      <Filter>class</Filter>
    </ClCompile>
    <ClCompile Include="integral.cpp">
      <Filter>class\integral</Filter>
    </ClCompile>
    <ClCompile Include="member_container.cpp">
      <Filter>class\detail</Filter>
    </ClCompile>
  </ItemGroup>
</Project>